
Microsoft Visual Studio Solution File, Format Version 12.00
# Visual Studio Version 16
VisualStudioVersion = 16.0.29806.167
MinimumVisualStudioVersion = 10.0.40219.1
Project("{FAE04EC0-301F-11D3-BF4B-00C04F79EFBC}") = "iBuy_Mobile", "..\..\..\Downloads\ibuyWeb-master_Op\App1\iBuy_Mobile.csproj", "{9CAFD1C1-8CBB-4D53-9B8D-EF9911CC8968}"
EndProject
Global
	GlobalSection(SolutionConfigurationPlatforms) = preSolution
		Debug|Any CPU = Debug|Any CPU
		Release|Any CPU = Release|Any CPU
	EndGlobalSection
	GlobalSection(ProjectConfigurationPlatforms) = postSolution
		{9CAFD1C1-8CBB-4D53-9B8D-EF9911CC8968}.Debug|Any CPU.ActiveCfg = Debug|Any CPU
		{9CAFD1C1-8CBB-4D53-9B8D-EF9911CC8968}.Debug|Any CPU.Build.0 = Debug|Any CPU
		{9CAFD1C1-8CBB-4D53-9B8D-EF9911CC8968}.Debug|Any CPU.Deploy.0 = Debug|Any CPU
		{9CAFD1C1-8CBB-4D53-9B8D-EF9911CC8968}.Release|Any CPU.ActiveCfg = Release|Any CPU
		{9CAFD1C1-8CBB-4D53-9B8D-EF9911CC8968}.Release|Any CPU.Build.0 = Release|Any CPU
		{9CAFD1C1-8CBB-4D53-9B8D-EF9911CC8968}.Release|Any CPU.Deploy.0 = Release|Any CPU
	EndGlobalSection
	GlobalSection(SolutionProperties) = preSolution
		HideSolutionNode = FALSE
	EndGlobalSection
	GlobalSection(ExtensibilityGlobals) = postSolution
		SolutionGuid = {89E292E9-8C6B-4CF5-9D52-C31A0043A6C5}
	EndGlobalSection
EndGlobal
