
Microsoft Visual Studio Solution File, Format Version 12.00
# Visual Studio Version 16
VisualStudioVersion = 16.0.29911.84
MinimumVisualStudioVersion = 10.0.40219.1
Project("{FAE04EC0-301F-11D3-BF4B-00C04F79EFBC}") = "MobileAppScreens", "MobileAppScreens\MobileAppScreens.csproj", "{31361727-28E8-4EAF-995B-7B7E7C697DF7}"
EndProject
Global
	GlobalSection(SolutionConfigurationPlatforms) = preSolution
		Debug|Any CPU = Debug|Any CPU
		Release|Any CPU = Release|Any CPU
	EndGlobalSection
	GlobalSection(ProjectConfigurationPlatforms) = postSolution
		{31361727-28E8-4EAF-995B-7B7E7C697DF7}.Debug|Any CPU.ActiveCfg = Debug|Any CPU
		{31361727-28E8-4EAF-995B-7B7E7C697DF7}.Debug|Any CPU.Build.0 = Debug|Any CPU
		{31361727-28E8-4EAF-995B-7B7E7C697DF7}.Debug|Any CPU.Deploy.0 = Debug|Any CPU
		{31361727-28E8-4EAF-995B-7B7E7C697DF7}.Release|Any CPU.ActiveCfg = Release|Any CPU
		{31361727-28E8-4EAF-995B-7B7E7C697DF7}.Release|Any CPU.Build.0 = Release|Any CPU
		{31361727-28E8-4EAF-995B-7B7E7C697DF7}.Release|Any CPU.Deploy.0 = Release|Any CPU
	EndGlobalSection
	GlobalSection(SolutionProperties) = preSolution
		HideSolutionNode = FALSE
	EndGlobalSection
	GlobalSection(ExtensibilityGlobals) = postSolution
		SolutionGuid = {DB384894-7B9E-4D9D-8509-6A4F21FFD394}
	EndGlobalSection
EndGlobal
